
Microsoft Visual Studio Solution File, Format Version 12.00
# Visual Studio Version 17
VisualStudioVersion = 17.7.34024.191
MinimumVisualStudioVersion = 10.0.40219.1
Project("{9A19103F-16F7-4668-BE54-9A1E7A4F7556}") = "Media_Content_Dashboard", "Media_Content_Dashboard.csproj", "{E5E331E2-9912-4351-929D-C0EF1539ED27}"
EndProject
Project("{FAE04EC0-301F-11D3-BF4B-00C04F79EFBC}") = "Media_Content_Dashboard_DI", "..\Media_Content_Dashboard_DI\Media_Content_Dashboard_DI.csproj", "{E2CE1111-EA7A-478B-8ADC-B0E0F5FA116F}"
EndProject
Global
	GlobalSection(SolutionConfigurationPlatforms) = preSolution
		Debug|Any CPU = Debug|Any CPU
		Release|Any CPU = Release|Any CPU
	EndGlobalSection
	GlobalSection(ProjectConfigurationPlatforms) = postSolution
		{E5E331E2-9912-4351-929D-C0EF1539ED27}.Debug|Any CPU.ActiveCfg = Debug|Any CPU
		{E5E331E2-9912-4351-929D-C0EF1539ED27}.Debug|Any CPU.Build.0 = Debug|Any CPU
		{E5E331E2-9912-4351-929D-C0EF1539ED27}.Release|Any CPU.ActiveCfg = Release|Any CPU
		{E5E331E2-9912-4351-929D-C0EF1539ED27}.Release|Any CPU.Build.0 = Release|Any CPU
		{E2CE1111-EA7A-478B-8ADC-B0E0F5FA116F}.Debug|Any CPU.ActiveCfg = Debug|Any CPU
		{E2CE1111-EA7A-478B-8ADC-B0E0F5FA116F}.Debug|Any CPU.Build.0 = Debug|Any CPU
		{E2CE1111-EA7A-478B-8ADC-B0E0F5FA116F}.Release|Any CPU.ActiveCfg = Release|Any CPU
		{E2CE1111-EA7A-478B-8ADC-B0E0F5FA116F}.Release|Any CPU.Build.0 = Release|Any CPU
	EndGlobalSection
	GlobalSection(SolutionProperties) = preSolution
		HideSolutionNode = FALSE
	EndGlobalSection
	GlobalSection(ExtensibilityGlobals) = postSolution
		SolutionGuid = {BC2B7259-B7EA-4ABC-8E57-320610B36ACA}
	EndGlobalSection
EndGlobal
